{
  "originHash" : "730d0b217afa24c90fc0c307d136d85dba0324788cd14cdb48924553d631cd5c",
  "pins" : [
    {
      "identity" : "alamofire",
      "kind" : "remoteSourceControl",
      "location" : "https://github.com/Alamofire/Alamofire.git",
      "state" : {
        "revision" : "e16d3481f5ed35f0472cb93350085853d754913f",
        "version" : "5.10.1"
      }
    },
    {
      "identity" : "sdwebimage",
      "kind" : "remoteSourceControl",
      "location" : "https://github.com/SDWebImage/SDWebImage.git",
      "state" : {
        "revision" : "8a1be70a625683bc04d6903e2935bf23f3c6d609",
        "version" : "5.19.7"
      }
    }
  ],
  "version" : 3
}
